
Microsoft Visual Studio Solution File, Format Version 12.00
# Visual Studio Version 16
VisualStudioVersion = 16.0.32929.386
MinimumVisualStudioVersion = 10.0.40219.1
Project("{FAE04EC0-301F-11D3-BF4B-00C04F79EFBC}") = "BankingSystem", "BankingSystem\BankingSystem.csproj", "{C0694D55-4C11-4D17-AD3A-2BA09ED70EB4}"
EndProject
Project("{FAE04EC0-301F-11D3-BF4B-00C04F79EFBC}") = "BankingSystem.Tests", "BankingSystem.Tests\BankingSystem.Tests.csproj", "{0C17D540-5861-48AE-8393-7A2C3495F54D}"
EndProject
Global
	GlobalSection(SolutionConfigurationPlatforms) = preSolution
		Debug|Any CPU = Debug|Any CPU
		Release|Any CPU = Release|Any CPU
	EndGlobalSection
	GlobalSection(ProjectConfigurationPlatforms) = postSolution
		{C0694D55-4C11-4D17-AD3A-2BA09ED70EB4}.Debug|Any CPU.ActiveCfg = Debug|Any CPU
		{C0694D55-4C11-4D17-AD3A-2BA09ED70EB4}.Debug|Any CPU.Build.0 = Debug|Any CPU
		{C0694D55-4C11-4D17-AD3A-2BA09ED70EB4}.Release|Any CPU.ActiveCfg = Release|Any CPU
		{C0694D55-4C11-4D17-AD3A-2BA09ED70EB4}.Release|Any CPU.Build.0 = Release|Any CPU
		{0C17D540-5861-48AE-8393-7A2C3495F54D}.Debug|Any CPU.ActiveCfg = Debug|Any CPU
		{0C17D540-5861-48AE-8393-7A2C3495F54D}.Debug|Any CPU.Build.0 = Debug|Any CPU
		{0C17D540-5861-48AE-8393-7A2C3495F54D}.Release|Any CPU.ActiveCfg = Release|Any CPU
		{0C17D540-5861-48AE-8393-7A2C3495F54D}.Release|Any CPU.Build.0 = Release|Any CPU
	EndGlobalSection
	GlobalSection(SolutionProperties) = preSolution
		HideSolutionNode = FALSE
	EndGlobalSection
	GlobalSection(ExtensibilityGlobals) = postSolution
		SolutionGuid = {79B5628F-7CF2-49DF-AEA7-78920EAD2765}
	EndGlobalSection
EndGlobal
